
Microsoft Visual Studio Solution File, Format Version 12.00
# Visual Studio Version 16
VisualStudioVersion = 16.0.29306.81
MinimumVisualStudioVersion = 10.0.40219.1
Project("{FAE04EC0-301F-11D3-BF4B-00C04F79EFBC}") = "HW0", "HW0.csproj", "{FBC5C91E-A9E2-41B9-A018-881D44B755D1}"
EndProject
Global
	GlobalSection(SolutionConfigurationPlatforms) = preSolution
		Debug|Any CPU = Debug|Any CPU
		Release|Any CPU = Release|Any CPU
	EndGlobalSection
	GlobalSection(ProjectConfigurationPlatforms) = postSolution
		{FBC5C91E-A9E2-41B9-A018-881D44B755D1}.Debug|Any CPU.ActiveCfg = Debug|Any CPU
		{FBC5C91E-A9E2-41B9-A018-881D44B755D1}.Debug|Any CPU.Build.0 = Debug|Any CPU
		{FBC5C91E-A9E2-41B9-A018-881D44B755D1}.Release|Any CPU.ActiveCfg = Release|Any CPU
		{FBC5C91E-A9E2-41B9-A018-881D44B755D1}.Release|Any CPU.Build.0 = Release|Any CPU
	EndGlobalSection
	GlobalSection(SolutionProperties) = preSolution
		HideSolutionNode = FALSE
	EndGlobalSection
	GlobalSection(ExtensibilityGlobals) = postSolution
		SolutionGuid = {BAAA73B2-AD72-4CE7-962B-6FAB120650E2}
	EndGlobalSection
EndGlobal
